<?xml version="1.0" encoding="utf-8"?>
<Project ToolsVersion="4.0" xmlns="http://schemas.microsoft.com/developer/msbuild/2003">
  <ItemGroup>
    <Filter Include="源文件">
      <UniqueIdentifier>{4FC737F1-C7A5-4376-A066-2A32D752A2FF}</UniqueIdentifier>
      <Extensions>cpp;c;cc;cxx;def;odl;idl;hpj;bat;asm;asmx</Extensions>
    </Filter>
    <Filter Include="头文件">
      <UniqueIdentifier>{93995380-89BD-4b04-88EB-625FBE52EBFB}</UniqueIdentifier>
      <Extensions>h;hpp;hxx;hm;inl;inc;xsd</Extensions>
    </Filter>
    <Filter Include="资源文件">
      <UniqueIdentifier>{67DA6AB6-F800-4c08-8B7A-83BB121AAD01}</UniqueIdentifier>
      <Extensions>rc;ico;cur;bmp;dlg;rc2;rct;bin;rgs;gif;jpg;jpeg;jpe;resx;tiff;tif;png;wav;mfcribbon-ms</Extensions>
    </Filter>
    <Filter Include="Public">
      <UniqueIdentifier>{61e67129-3e3a-42ef-b8bf-ea1675894d3c}</UniqueIdentifier>
    </Filter>
  </ItemGroup>
  <ItemGroup>
    <ClCompile Include="EventList.cpp">
      <Filter>源文件</Filter>
    </ClCompile>
    <ClCompile Include="PickHeader.cpp">
      <Filter>源文件</Filter>
    </ClCompile>
    <ClCompile Include="RenderSystem.cpp">
      <Filter>源文件</Filter>
    </ClCompile>
    <ClCompile Include="RenderSystemPlugin.cpp">
      <Filter>源文件</Filter>
    </ClCompile>
    <ClCompile Include="RenderThread.cpp">
      <Filter>源文件</Filter>
    </ClCompile>
    <ClCompile Include="RenderView.cpp">
      <Filter>源文件</Filter>
    </ClCompile>
    <ClCompile Include="ViewManager.cpp">
      <Filter>源文件</Filter>
    </ClCompile>
    <ClCompile Include="ScreenHUD.cpp">
      <Filter>源文件</Filter>
    </ClCompile>
    <ClCompile Include="ScreenHUDManager.cpp">
      <Filter>源文件</Filter>
    </ClCompile>
    <ClCompile Include="MeshDrawable.cpp">
      <Filter>源文件</Filter>
    </ClCompile>
    <ClCompile Include="DrawAttribute.cpp">
      <Filter>源文件</Filter>
    </ClCompile>
    <ClCompile Include="DrawAttributeFacoty.cpp">
      <Filter>源文件</Filter>
    </ClCompile>
    <ClCompile Include="EntityDrawManger.cpp">
      <Filter>源文件</Filter>
    </ClCompile>
    <ClCompile Include="MeshManager.cpp">
      <Filter>源文件</Filter>
    </ClCompile>
    <ClCompile Include="DrawTrajectoryManager.cpp">
      <Filter>源文件</Filter>
    </ClCompile>
    <ClCompile Include="TracksLine.cpp">
      <Filter>源文件</Filter>
    </ClCompile>
    <ClCompile Include="ManipulatorManager.cpp">
      <Filter>源文件</Filter>
    </ClCompile>
  </ItemGroup>
  <ItemGroup>
    <ClInclude Include="EventList.h">
      <Filter>头文件</Filter>
    </ClInclude>
    <ClInclude Include="PickHeader.h">
      <Filter>头文件</Filter>
    </ClInclude>
    <ClInclude Include="RenderSystem.h">
      <Filter>头文件</Filter>
    </ClInclude>
    <ClInclude Include="RenderSystemPlugin.h">
      <Filter>头文件</Filter>
    </ClInclude>
    <ClInclude Include="RenderThread.h">
      <Filter>头文件</Filter>
    </ClInclude>
    <ClInclude Include="RenderView.h">
      <Filter>头文件</Filter>
    </ClInclude>
    <ClInclude Include="ViewManager.h">
      <Filter>头文件</Filter>
    </ClInclude>
    <ClInclude Include="ManipulatorManager.h">
      <Filter>头文件</Filter>
    </ClInclude>
    <ClInclude Include="..\..\Public\RenderSystem\IManipulatorManager.h">
      <Filter>Public</Filter>
    </ClInclude>
    <ClInclude Include="..\..\Public\RenderSystem\RenderSystem.h">
      <Filter>Public</Filter>
    </ClInclude>
    <ClInclude Include="..\..\Public\RenderSystem\EventImp.h">
      <Filter>Public</Filter>
    </ClInclude>
    <ClInclude Include="..\..\Public\RenderSystem\IEvent.h">
      <Filter>Public</Filter>
    </ClInclude>
    <ClInclude Include="ScreenHUD.h">
      <Filter>头文件</Filter>
    </ClInclude>
    <ClInclude Include="..\..\Public\RenderSystem\IScreenHUD.h">
      <Filter>Public</Filter>
    </ClInclude>
    <ClInclude Include="ScreenHUDManager.h">
      <Filter>头文件</Filter>
    </ClInclude>
    <ClInclude Include="..\..\Public\RenderSystem\IScreenHUDManager.h">
      <Filter>Public</Filter>
    </ClInclude>
    <ClInclude Include="..\..\Public\RenderSystem\IRenderManager.h">
      <Filter>Public</Filter>
    </ClInclude>
    <ClInclude Include="..\..\Public\RenderSystem\IRenderView.h">
      <Filter>Public</Filter>
    </ClInclude>
    <ClInclude Include="..\..\Public\RenderSystem\IRenderViewUI.h">
      <Filter>Public</Filter>
    </ClInclude>
    <ClInclude Include="..\..\Public\RenderSystem\IViewManager.h">
      <Filter>Public</Filter>
    </ClInclude>
    <ClInclude Include="MeshDrawable.h">
      <Filter>头文件</Filter>
    </ClInclude>
    <ClInclude Include="DrawAttribute.h">
      <Filter>头文件</Filter>
    </ClInclude>
    <ClInclude Include="EntityDrawManger.h">
      <Filter>头文件</Filter>
    </ClInclude>
    <ClInclude Include="DrawAttributeFacoty.h">
      <Filter>头文件</Filter>
    </ClInclude>
    <ClInclude Include="..\..\public\rendersystem\IDrawAttributeFactory.h">
      <Filter>Public</Filter>
    </ClInclude>
    <ClInclude Include="MeshManager.h">
      <Filter>头文件</Filter>
    </ClInclude>
    <ClInclude Include="..\..\Public\RenderSystem\IMeshManager.h">
      <Filter>Public</Filter>
    </ClInclude>
    <ClInclude Include="DrawTrajectoryManager.h">
      <Filter>头文件</Filter>
    </ClInclude>
    <ClInclude Include="TracksLine.h">
      <Filter>头文件</Filter>
    </ClInclude>
  </ItemGroup>
</Project>