
Microsoft Visual Studio Solution File, Format Version 11.00
# Visual Studio 2010
Project("{8BC9CEB8-8B4A-11D0-8D11-00A0C91BC942}") = "ComManager", "ComManager\ComManager.vcxproj", "{9D03DD2E-5338-4D51-9657-1B288360E3C9}"
EndProject
Project("{8BC9CEB8-8B4A-11D0-8D11-00A0C91BC942}") = "EarthSystem", "EarthSystem\EarthSystem.vcxproj", "{A38AC00B-6DB8-4374-B575-319EF1BB1DF2}"
EndProject
Project("{8BC9CEB8-8B4A-11D0-8D11-00A0C91BC942}") = "RenderSystem", "RenderSystem\RenderSystem.vcxproj", "{A0BCF566-0548-4B01-9A09-EB7752A33EDB}"
EndProject
Project("{8BC9CEB8-8B4A-11D0-8D11-00A0C91BC942}") = "MainFrame4.8", "MainFrame4.8.6\MainFrame4.8.vcxproj", "{25D52928-DDD6-4BD8-B963-33CF11303FE9}"
EndProject
Project("{8BC9CEB8-8B4A-11D0-8D11-00A0C91BC942}") = "AirLineSystem", "AirLineSystem\AirLineSystem.vcxproj", "{673C22EE-264A-42D1-BFE5-055A7A371EF8}"
EndProject
Project("{8BC9CEB8-8B4A-11D0-8D11-00A0C91BC942}") = "PlotSystem", "PlotSystem\CPlotSystem.vcxproj", "{508DDBB3-4280-4FDC-B6A6-0A0371C401B6}"
EndProject
Project("{2150E333-8FDC-42A3-9474-1A3956D46DE8}") = "LG", "LG", "{5B0800F3-1F6B-49E8-8605-38AD2E0D33D1}"
EndProject
Project("{2150E333-8FDC-42A3-9474-1A3956D46DE8}") = "XD", "XD", "{7A93B6F3-9BF9-4D4A-ACE1-9F291F021F52}"
EndProject
Project("{8BC9CEB8-8B4A-11D0-8D11-00A0C91BC942}") = "ArgumentDiglog", "ArgumentDiglog\ArgumentDiglog.vcxproj", "{21EFEC95-B2C3-46BE-9A0D-C630D5374195}"
EndProject
Project("{8BC9CEB8-8B4A-11D0-8D11-00A0C91BC942}") = "OsgViewerWidget", "OsgViewerWidget\OsgViewerWidget.vcxproj", "{DBE76B29-236C-4356-8114-D11367FE850F}"
EndProject
Project("{8BC9CEB8-8B4A-11D0-8D11-00A0C91BC942}") = "Bit-FirePlanning", "Bit-FirePlanning\Bit-FirePlanning.vcxproj", "{28B8AB41-1617-4DD1-88B7-AF5F7E64D4C9}"
EndProject
Global
	GlobalSection(SolutionConfigurationPlatforms) = preSolution
		Debug|Win32 = Debug|Win32
		Release|Win32 = Release|Win32
	EndGlobalSection
	GlobalSection(ProjectConfigurationPlatforms) = postSolution
		{9D03DD2E-5338-4D51-9657-1B288360E3C9}.Debug|Win32.ActiveCfg = Debug|Win32
		{9D03DD2E-5338-4D51-9657-1B288360E3C9}.Release|Win32.ActiveCfg = Release|Win32
		{A38AC00B-6DB8-4374-B575-319EF1BB1DF2}.Debug|Win32.ActiveCfg = Debug|Win32
		{A38AC00B-6DB8-4374-B575-319EF1BB1DF2}.Release|Win32.ActiveCfg = Release|Win32
		{A0BCF566-0548-4B01-9A09-EB7752A33EDB}.Debug|Win32.ActiveCfg = Debug|Win32
		{A0BCF566-0548-4B01-9A09-EB7752A33EDB}.Release|Win32.ActiveCfg = Release|Win32
		{25D52928-DDD6-4BD8-B963-33CF11303FE9}.Debug|Win32.ActiveCfg = Debug|Win32
		{25D52928-DDD6-4BD8-B963-33CF11303FE9}.Debug|Win32.Build.0 = Debug|Win32
		{25D52928-DDD6-4BD8-B963-33CF11303FE9}.Release|Win32.ActiveCfg = Release|Win32
		{25D52928-DDD6-4BD8-B963-33CF11303FE9}.Release|Win32.Build.0 = Release|Win32
		{673C22EE-264A-42D1-BFE5-055A7A371EF8}.Debug|Win32.ActiveCfg = Debug|Win32
		{673C22EE-264A-42D1-BFE5-055A7A371EF8}.Debug|Win32.Build.0 = Debug|Win32
		{673C22EE-264A-42D1-BFE5-055A7A371EF8}.Release|Win32.ActiveCfg = Release|Win32
		{673C22EE-264A-42D1-BFE5-055A7A371EF8}.Release|Win32.Build.0 = Release|Win32
		{508DDBB3-4280-4FDC-B6A6-0A0371C401B6}.Debug|Win32.ActiveCfg = Debug|Win32
		{508DDBB3-4280-4FDC-B6A6-0A0371C401B6}.Debug|Win32.Build.0 = Debug|Win32
		{508DDBB3-4280-4FDC-B6A6-0A0371C401B6}.Release|Win32.ActiveCfg = Release|Win32
		{508DDBB3-4280-4FDC-B6A6-0A0371C401B6}.Release|Win32.Build.0 = Release|Win32
		{21EFEC95-B2C3-46BE-9A0D-C630D5374195}.Debug|Win32.ActiveCfg = Debug|Win32
		{21EFEC95-B2C3-46BE-9A0D-C630D5374195}.Debug|Win32.Build.0 = Debug|Win32
		{21EFEC95-B2C3-46BE-9A0D-C630D5374195}.Release|Win32.ActiveCfg = Release|Win32
		{21EFEC95-B2C3-46BE-9A0D-C630D5374195}.Release|Win32.Build.0 = Release|Win32
		{DBE76B29-236C-4356-8114-D11367FE850F}.Debug|Win32.ActiveCfg = Debug|Win32
		{DBE76B29-236C-4356-8114-D11367FE850F}.Debug|Win32.Build.0 = Debug|Win32
		{DBE76B29-236C-4356-8114-D11367FE850F}.Release|Win32.ActiveCfg = Release|Win32
		{DBE76B29-236C-4356-8114-D11367FE850F}.Release|Win32.Build.0 = Release|Win32
		{28B8AB41-1617-4DD1-88B7-AF5F7E64D4C9}.Debug|Win32.ActiveCfg = Debug|Win32
		{28B8AB41-1617-4DD1-88B7-AF5F7E64D4C9}.Debug|Win32.Build.0 = Debug|Win32
		{28B8AB41-1617-4DD1-88B7-AF5F7E64D4C9}.Release|Win32.ActiveCfg = Release|Win32
		{28B8AB41-1617-4DD1-88B7-AF5F7E64D4C9}.Release|Win32.Build.0 = Release|Win32
	EndGlobalSection
	GlobalSection(SolutionProperties) = preSolution
		HideSolutionNode = FALSE
	EndGlobalSection
	GlobalSection(NestedProjects) = preSolution
		{673C22EE-264A-42D1-BFE5-055A7A371EF8} = {5B0800F3-1F6B-49E8-8605-38AD2E0D33D1}
		{9D03DD2E-5338-4D51-9657-1B288360E3C9} = {5B0800F3-1F6B-49E8-8605-38AD2E0D33D1}
		{A38AC00B-6DB8-4374-B575-319EF1BB1DF2} = {5B0800F3-1F6B-49E8-8605-38AD2E0D33D1}
		{25D52928-DDD6-4BD8-B963-33CF11303FE9} = {5B0800F3-1F6B-49E8-8605-38AD2E0D33D1}
		{508DDBB3-4280-4FDC-B6A6-0A0371C401B6} = {5B0800F3-1F6B-49E8-8605-38AD2E0D33D1}
		{A0BCF566-0548-4B01-9A09-EB7752A33EDB} = {5B0800F3-1F6B-49E8-8605-38AD2E0D33D1}
		{21EFEC95-B2C3-46BE-9A0D-C630D5374195} = {7A93B6F3-9BF9-4D4A-ACE1-9F291F021F52}
		{DBE76B29-236C-4356-8114-D11367FE850F} = {7A93B6F3-9BF9-4D4A-ACE1-9F291F021F52}
		{28B8AB41-1617-4DD1-88B7-AF5F7E64D4C9} = {7A93B6F3-9BF9-4D4A-ACE1-9F291F021F52}
	EndGlobalSection
EndGlobal
