<?xml version="1.0" encoding="utf-8"?>
<Project ToolsVersion="4.0" xmlns="http://schemas.microsoft.com/developer/msbuild/2003">
  <ItemGroup>
    <Filter Include="Source Files">
      <UniqueIdentifier>{4FC737F1-C7A5-4376-A066-2A32D752A2FF}</UniqueIdentifier>
      <Extensions>cpp;cxx;c;def</Extensions>
    </Filter>
    <Filter Include="Header Files">
      <UniqueIdentifier>{93995380-89BD-4b04-88EB-625FBE52EBFB}</UniqueIdentifier>
      <Extensions>h</Extensions>
    </Filter>
    <Filter Include="Form Files">
      <UniqueIdentifier>{99349809-55BA-4b9d-BF79-8FDBB0286EB3}</UniqueIdentifier>
      <Extensions>ui</Extensions>
    </Filter>
    <Filter Include="Resource Files">
      <UniqueIdentifier>{D9D6E242-F8AF-46E4-B9FD-80ECBC20BA3E}</UniqueIdentifier>
      <Extensions>qrc;*</Extensions>
      <ParseFiles>false</ParseFiles>
    </Filter>
    <Filter Include="Generated Files">
      <UniqueIdentifier>{71ED8ED8-ACB9-4CE9-BBE1-E00B30144E11}</UniqueIdentifier>
      <Extensions>moc;h;cpp</Extensions>
      <SourceControlFiles>False</SourceControlFiles>
    </Filter>
    <Filter Include="Generated Files\Debug">
      <UniqueIdentifier>{d9531e62-873d-4bb7-96ff-5b197a701d3a}</UniqueIdentifier>
      <Extensions>cpp;moc</Extensions>
      <SourceControlFiles>False</SourceControlFiles>
    </Filter>
    <Filter Include="Generated Files\Release">
      <UniqueIdentifier>{e283eac2-51fd-4cd1-820b-6cd947a28c52}</UniqueIdentifier>
      <Extensions>cpp;moc</Extensions>
      <SourceControlFiles>False</SourceControlFiles>
    </Filter>
    <Filter Include="UIBase">
      <UniqueIdentifier>{2ba0839f-6aba-4636-b1bb-feb1b354b25c}</UniqueIdentifier>
    </Filter>
    <Filter Include="PropertyBrowser">
      <UniqueIdentifier>{d24b3dc9-b8f5-47c4-bbe2-950b4afa746c}</UniqueIdentifier>
    </Filter>
    <Filter Include="XD">
      <UniqueIdentifier>{0fb26426-a8b7-416f-a4b6-03a3a316aca2}</UniqueIdentifier>
    </Filter>
    <Filter Include="XD\InitParament">
      <UniqueIdentifier>{04c71a26-ac99-46f0-b1a6-7b858733c7a0}</UniqueIdentifier>
    </Filter>
    <Filter Include="XD\LineCallBack">
      <UniqueIdentifier>{c06b81ca-5446-4b35-9f5a-06651d6d5530}</UniqueIdentifier>
    </Filter>
    <Filter Include="XD\ReadCSVNumDialog">
      <UniqueIdentifier>{f53a4c42-3580-48c8-babd-17664c6d4121}</UniqueIdentifier>
    </Filter>
    <Filter Include="XD\SetHeight">
      <UniqueIdentifier>{f463b01c-0d89-4074-a180-06d0a221ea8a}</UniqueIdentifier>
    </Filter>
    <Filter Include="XD\XMLFile">
      <UniqueIdentifier>{cf045cc1-ac1e-4484-931e-6cd8bde7c09d}</UniqueIdentifier>
    </Filter>
  </ItemGroup>
  <ItemGroup>
    <ClCompile Include="main.cpp">
      <Filter>Source Files</Filter>
    </ClCompile>
    <ClCompile Include="GeneratedFiles\qrc_myclass.cpp">
      <Filter>Generated Files</Filter>
    </ClCompile>
    <ClCompile Include="AttributeUI.cpp">
      <Filter>Source Files</Filter>
    </ClCompile>
    <ClCompile Include="GeneratedFiles\Release\moc_AttributeUI.cpp">
      <Filter>Generated Files\Release</Filter>
    </ClCompile>
    <ClCompile Include="ComboxUI.cpp">
      <Filter>Source Files</Filter>
    </ClCompile>
    <ClCompile Include="GeneratedFiles\Release\moc_ComboxUI.cpp">
      <Filter>Generated Files\Release</Filter>
    </ClCompile>
    <ClCompile Include="EidteUI.cpp">
      <Filter>Source Files</Filter>
    </ClCompile>
    <ClCompile Include="GeneratedFiles\Release\moc_EidteUI.cpp">
      <Filter>Generated Files\Release</Filter>
    </ClCompile>
    <ClCompile Include="EntityManagerTreeWidgt.cpp">
      <Filter>Source Files</Filter>
    </ClCompile>
    <ClCompile Include="GeneratedFiles\Release\moc_EntityManagerTreeWidgt.cpp">
      <Filter>Generated Files\Release</Filter>
    </ClCompile>
    <ClCompile Include="EntityManagerUI.cpp">
      <Filter>Source Files</Filter>
    </ClCompile>
    <ClCompile Include="GeneratedFiles\Release\moc_EntityManagerUI.cpp">
      <Filter>Generated Files\Release</Filter>
    </ClCompile>
    <ClCompile Include="EntityTypeUI.cpp">
      <Filter>Source Files</Filter>
    </ClCompile>
    <ClCompile Include="GeneratedFiles\Release\moc_EntityTypeUI.cpp">
      <Filter>Generated Files\Release</Filter>
    </ClCompile>
    <ClCompile Include="MainFrame.cpp">
      <Filter>Source Files</Filter>
    </ClCompile>
    <ClCompile Include="GeneratedFiles\Release\moc_MainFrame.cpp">
      <Filter>Generated Files\Release</Filter>
    </ClCompile>
    <ClCompile Include="PluginManagerUI.cpp">
      <Filter>Source Files</Filter>
    </ClCompile>
    <ClCompile Include="GeneratedFiles\Release\moc_PluginManagerUI.cpp">
      <Filter>Generated Files\Release</Filter>
    </ClCompile>
    <ClCompile Include="TreeUI.cpp">
      <Filter>Source Files</Filter>
    </ClCompile>
    <ClCompile Include="GeneratedFiles\Release\moc_TreeUI.cpp">
      <Filter>Generated Files\Release</Filter>
    </ClCompile>
    <ClCompile Include="ViewerUI.cpp">
      <Filter>Source Files</Filter>
    </ClCompile>
    <ClCompile Include="GeneratedFiles\Release\moc_ViewerUI.cpp">
      <Filter>Generated Files\Release</Filter>
    </ClCompile>
    <ClCompile Include="DoubleSpinBox.cpp">
      <Filter>Source Files</Filter>
    </ClCompile>
    <ClCompile Include="GeneratedFiles\Release\moc_DoubleSpinBox.cpp">
      <Filter>Generated Files\Release</Filter>
    </ClCompile>
    <ClCompile Include="StrategyUI.cpp">
      <Filter>Source Files</Filter>
    </ClCompile>
    <ClCompile Include="GeneratedFiles\Release\moc_StrategyUI.cpp">
      <Filter>Generated Files\Release</Filter>
    </ClCompile>
    <ClCompile Include="StrategyManagerUI.cpp">
      <Filter>Source Files</Filter>
    </ClCompile>
    <ClCompile Include="GeneratedFiles\Release\moc_StrategyManagerUI.cpp">
      <Filter>Generated Files\Release</Filter>
    </ClCompile>
    <ClCompile Include="ToolWidget.cpp">
      <Filter>Source Files</Filter>
    </ClCompile>
    <ClCompile Include="GeneratedFiles\Release\moc_ToolWidget.cpp">
      <Filter>Generated Files\Release</Filter>
    </ClCompile>
    <ClCompile Include="TitleBar.cpp">
      <Filter>Source Files</Filter>
    </ClCompile>
    <ClCompile Include="UiBase.cpp">
      <Filter>Source Files</Filter>
    </ClCompile>
    <ClCompile Include="FileSelectUI.cpp">
      <Filter>Source Files</Filter>
    </ClCompile>
    <ClCompile Include="GeneratedFiles\Release\moc_FileSelectUI.cpp">
      <Filter>Generated Files\Release</Filter>
    </ClCompile>
    <ClCompile Include="ItemSelect.cpp">
      <Filter>Source Files</Filter>
    </ClCompile>
    <ClCompile Include="GeneratedFiles\Release\moc_ItemSelect.cpp">
      <Filter>Generated Files\Release</Filter>
    </ClCompile>
    <ClCompile Include="TrajectoryFrame.cpp">
      <Filter>Source Files</Filter>
    </ClCompile>
    <ClCompile Include="GeneratedFiles\Release\moc_TrajectoryFrame.cpp">
      <Filter>Generated Files\Release</Filter>
    </ClCompile>
    <ClCompile Include="SatelliteFrame.cpp">
      <Filter>Source Files</Filter>
    </ClCompile>
    <ClCompile Include="GeneratedFiles\Release\moc_SatelliteFrame.cpp">
      <Filter>Generated Files\Release</Filter>
    </ClCompile>
    <ClCompile Include="SimCtrlFrame.cpp">
      <Filter>Source Files</Filter>
    </ClCompile>
    <ClCompile Include="GeneratedFiles\Release\moc_SimCtrlFrame.cpp">
      <Filter>Generated Files\Release</Filter>
    </ClCompile>
    <ClCompile Include="PathBindFrame.cpp">
      <Filter>Source Files</Filter>
    </ClCompile>
    <ClCompile Include="GeneratedFiles\Debug\moc_AttributeUI.cpp">
      <Filter>Generated Files\Debug</Filter>
    </ClCompile>
    <ClCompile Include="GeneratedFiles\Debug\moc_ComboxUI.cpp">
      <Filter>Generated Files\Debug</Filter>
    </ClCompile>
    <ClCompile Include="GeneratedFiles\Debug\moc_DoubleSpinBox.cpp">
      <Filter>Generated Files\Debug</Filter>
    </ClCompile>
    <ClCompile Include="GeneratedFiles\Debug\moc_EidteUI.cpp">
      <Filter>Generated Files\Debug</Filter>
    </ClCompile>
    <ClCompile Include="GeneratedFiles\Debug\moc_EntityManagerTreeWidgt.cpp">
      <Filter>Generated Files\Debug</Filter>
    </ClCompile>
    <ClCompile Include="GeneratedFiles\Debug\moc_EntityManagerUI.cpp">
      <Filter>Generated Files\Debug</Filter>
    </ClCompile>
    <ClCompile Include="GeneratedFiles\Debug\moc_EntityTypeUI.cpp">
      <Filter>Generated Files\Debug</Filter>
    </ClCompile>
    <ClCompile Include="GeneratedFiles\Debug\moc_FileSelectUI.cpp">
      <Filter>Generated Files\Debug</Filter>
    </ClCompile>
    <ClCompile Include="GeneratedFiles\Debug\moc_ItemSelect.cpp">
      <Filter>Generated Files\Debug</Filter>
    </ClCompile>
    <ClCompile Include="GeneratedFiles\Debug\moc_MainFrame.cpp">
      <Filter>Generated Files\Debug</Filter>
    </ClCompile>
    <ClCompile Include="GeneratedFiles\Debug\moc_PluginManagerUI.cpp">
      <Filter>Generated Files\Debug</Filter>
    </ClCompile>
    <ClCompile Include="GeneratedFiles\Debug\moc_SatelliteFrame.cpp">
      <Filter>Generated Files\Debug</Filter>
    </ClCompile>
    <ClCompile Include="GeneratedFiles\Debug\moc_SimCtrlFrame.cpp">
      <Filter>Generated Files\Debug</Filter>
    </ClCompile>
    <ClCompile Include="GeneratedFiles\Debug\moc_StrategyManagerUI.cpp">
      <Filter>Generated Files\Debug</Filter>
    </ClCompile>
    <ClCompile Include="GeneratedFiles\Debug\moc_StrategyUI.cpp">
      <Filter>Generated Files\Debug</Filter>
    </ClCompile>
    <ClCompile Include="GeneratedFiles\Debug\moc_ToolWidget.cpp">
      <Filter>Generated Files\Debug</Filter>
    </ClCompile>
    <ClCompile Include="GeneratedFiles\Debug\moc_TrajectoryFrame.cpp">
      <Filter>Generated Files\Debug</Filter>
    </ClCompile>
    <ClCompile Include="GeneratedFiles\Debug\moc_TreeUI.cpp">
      <Filter>Generated Files\Debug</Filter>
    </ClCompile>
    <ClCompile Include="GeneratedFiles\Debug\moc_ViewerUI.cpp">
      <Filter>Generated Files\Debug</Filter>
    </ClCompile>
    <ClCompile Include="GeneratedFiles\Debug\moc_PathBindFrame.cpp">
      <Filter>Generated Files\Debug</Filter>
    </ClCompile>
    <ClCompile Include="ActionBindFrame.cpp">
      <Filter>Source Files</Filter>
    </ClCompile>
    <ClCompile Include="GeneratedFiles\Debug\moc_ActionBindFrame.cpp">
      <Filter>Generated Files\Debug</Filter>
    </ClCompile>
    <ClCompile Include="AttributeBindFrame.cpp">
      <Filter>Source Files</Filter>
    </ClCompile>
    <ClCompile Include="GeneratedFiles\Debug\moc_AttributeBindFrame.cpp">
      <Filter>Generated Files\Debug</Filter>
    </ClCompile>
    <ClCompile Include="GeneratedFiles\Debug\moc_ColorUI.cpp">
      <Filter>Generated Files\Debug</Filter>
    </ClCompile>
    <ClCompile Include="ColorUI.cpp">
      <Filter>Source Files</Filter>
    </ClCompile>
    <ClCompile Include="LayerManagerUI.cpp">
      <Filter>Source Files</Filter>
    </ClCompile>
    <ClCompile Include="GeneratedFiles\Debug\moc_LayerManagerUI.cpp">
      <Filter>Generated Files\Debug</Filter>
    </ClCompile>
    <ClCompile Include="PropertyBrowser\qtbuttonpropertybrowser.cpp">
      <Filter>PropertyBrowser</Filter>
    </ClCompile>
    <ClCompile Include="PropertyBrowser\qteditorfactory.cpp">
      <Filter>PropertyBrowser</Filter>
    </ClCompile>
    <ClCompile Include="PropertyBrowser\qtgroupboxpropertybrowser.cpp">
      <Filter>PropertyBrowser</Filter>
    </ClCompile>
    <ClCompile Include="PropertyBrowser\qtpropertybrowser.cpp">
      <Filter>PropertyBrowser</Filter>
    </ClCompile>
    <ClCompile Include="PropertyBrowser\qtpropertymanager.cpp">
      <Filter>PropertyBrowser</Filter>
    </ClCompile>
    <ClCompile Include="PropertyBrowser\qttreepropertybrowser.cpp">
      <Filter>PropertyBrowser</Filter>
    </ClCompile>
    <ClCompile Include="PropertyBrowser\qtvariantproperty.cpp">
      <Filter>PropertyBrowser</Filter>
    </ClCompile>
    <ClCompile Include="PropertyBrowser\qtpropertybrowserutils.cpp">
      <Filter>PropertyBrowser</Filter>
    </ClCompile>
    <ClCompile Include="GeneratedFiles\Debug\moc_qtpropertybrowserutils_p.cpp">
      <Filter>Generated Files\Debug</Filter>
    </ClCompile>
    <ClCompile Include="ViewWidget.cpp">
      <Filter>Source Files</Filter>
    </ClCompile>
    <ClCompile Include="GeneratedFiles\Debug\moc_ViewWidget.cpp">
      <Filter>Generated Files\Debug</Filter>
    </ClCompile>
    <ClCompile Include="LineCallBack.cpp">
      <Filter>XD\LineCallBack</Filter>
    </ClCompile>
    <ClCompile Include="CsvNumDialog.cpp">
      <Filter>XD\ReadCSVNumDialog</Filter>
    </ClCompile>
    <ClCompile Include="HeightSeting.cpp">
      <Filter>XD\SetHeight</Filter>
    </ClCompile>
    <ClCompile Include="XMLOperation.cpp">
      <Filter>XD\XMLFile</Filter>
    </ClCompile>
    <ClCompile Include="GeneratedFiles\Debug\moc_HeightSeting.cpp">
      <Filter>Generated Files\Debug</Filter>
    </ClCompile>
    <ClCompile Include="InitParameterDialog.cpp">
      <Filter>XD\InitParament</Filter>
    </ClCompile>
    <ClCompile Include="GeneratedFiles\Debug\moc_CsvNumDialog.cpp">
      <Filter>Generated Files\Debug</Filter>
    </ClCompile>
    <ClCompile Include="GeneratedFiles\Debug\moc_InitParameterDialog.cpp">
      <Filter>Generated Files\Debug</Filter>
    </ClCompile>
    <ClCompile Include="GeneratedFiles\Debug\moc_LineCallBack.cpp">
      <Filter>Generated Files\Debug</Filter>
    </ClCompile>
    <ClCompile Include="GeneratedFiles\Debug\moc_XMLOperation.cpp">
      <Filter>Generated Files\Debug</Filter>
    </ClCompile>
    <ClCompile Include="GeneratedFiles\Release\moc_CsvNumDialog.cpp">
      <Filter>Generated Files\Release</Filter>
    </ClCompile>
  </ItemGroup>
  <ItemGroup>
    <CustomBuild Include="myclass.qrc">
      <Filter>Resource Files</Filter>
    </CustomBuild>
    <CustomBuild Include="AttributeUI.h">
      <Filter>Header Files</Filter>
    </CustomBuild>
    <CustomBuild Include="ComboxUI.h">
      <Filter>Header Files</Filter>
    </CustomBuild>
    <CustomBuild Include="EidteUI.h">
      <Filter>Header Files</Filter>
    </CustomBuild>
    <CustomBuild Include="EntityManagerTreeWidgt.h">
      <Filter>Header Files</Filter>
    </CustomBuild>
    <CustomBuild Include="EntityManagerUI.h">
      <Filter>Header Files</Filter>
    </CustomBuild>
    <CustomBuild Include="EntityTypeUI.h">
      <Filter>Header Files</Filter>
    </CustomBuild>
    <CustomBuild Include="MainFrame.h">
      <Filter>Header Files</Filter>
    </CustomBuild>
    <CustomBuild Include="MainFrame.ui">
      <Filter>Form Files</Filter>
    </CustomBuild>
    <CustomBuild Include="PluginManagerUI.h">
      <Filter>Header Files</Filter>
    </CustomBuild>
    <CustomBuild Include="TreeUI.h">
      <Filter>Header Files</Filter>
    </CustomBuild>
    <CustomBuild Include="ViewerUI.h">
      <Filter>Header Files</Filter>
    </CustomBuild>
    <CustomBuild Include="DoubleSpinBox.h">
      <Filter>Header Files</Filter>
    </CustomBuild>
    <CustomBuild Include="StrategyUI.h">
      <Filter>Header Files</Filter>
    </CustomBuild>
    <CustomBuild Include="StrategyManagerUI.h">
      <Filter>Header Files</Filter>
    </CustomBuild>
    <CustomBuild Include="ToolWidget.ui">
      <Filter>Form Files</Filter>
    </CustomBuild>
    <CustomBuild Include="ToolWidget.h">
      <Filter>Header Files</Filter>
    </CustomBuild>
    <CustomBuild Include="FileSelectUI.h">
      <Filter>Header Files</Filter>
    </CustomBuild>
    <CustomBuild Include="ItemSelect.h">
      <Filter>Header Files</Filter>
    </CustomBuild>
    <CustomBuild Include="TrajectoryFrame.ui">
      <Filter>Form Files</Filter>
    </CustomBuild>
    <CustomBuild Include="TrajectoryFrame.h">
      <Filter>Header Files</Filter>
    </CustomBuild>
    <CustomBuild Include="SatelliteFrame.ui">
      <Filter>Form Files</Filter>
    </CustomBuild>
    <CustomBuild Include="SatelliteFrame.h">
      <Filter>Header Files</Filter>
    </CustomBuild>
    <CustomBuild Include="SimCtrlFrame.ui">
      <Filter>Form Files</Filter>
    </CustomBuild>
    <CustomBuild Include="SimCtrlFrame.h">
      <Filter>Header Files</Filter>
    </CustomBuild>
    <CustomBuild Include="ActionBindFrame.h">
      <Filter>Header Files</Filter>
    </CustomBuild>
    <CustomBuild Include="ActionBindFrame.ui">
      <Filter>Form Files</Filter>
    </CustomBuild>
    <CustomBuild Include="AttributeBindFrame.ui">
      <Filter>Form Files</Filter>
    </CustomBuild>
    <CustomBuild Include="AttributeBindFrame.h">
      <Filter>Header Files</Filter>
    </CustomBuild>
    <CustomBuild Include="ColorUI.h">
      <Filter>Header Files</Filter>
    </CustomBuild>
    <CustomBuild Include="LayerManagerUI.h">
      <Filter>Header Files</Filter>
    </CustomBuild>
    <CustomBuild Include="PropertyBrowser\qteditorfactory.h">
      <Filter>PropertyBrowser</Filter>
    </CustomBuild>
    <CustomBuild Include="PropertyBrowser\qtpropertymanager.h">
      <Filter>PropertyBrowser</Filter>
    </CustomBuild>
    <CustomBuild Include="PropertyBrowser\qtpropertybrowserutils_p.h">
      <Filter>PropertyBrowser</Filter>
    </CustomBuild>
    <CustomBuild Include="ViewWidget.h">
      <Filter>Header Files</Filter>
    </CustomBuild>
    <CustomBuild Include="HeightSet.ui">
      <Filter>Form Files</Filter>
    </CustomBuild>
    <CustomBuild Include="InitParameterDialog.h">
      <Filter>XD\InitParament</Filter>
    </CustomBuild>
    <CustomBuild Include="LineCallBack.h">
      <Filter>XD\LineCallBack</Filter>
    </CustomBuild>
    <CustomBuild Include="HeightSeting.h">
      <Filter>XD\SetHeight</Filter>
    </CustomBuild>
    <CustomBuild Include="XMLOperation.h">
      <Filter>XD\XMLFile</Filter>
    </CustomBuild>
    <CustomBuild Include="CsvNumDialog.h">
      <Filter>XD\ReadCSVNumDialog</Filter>
    </CustomBuild>
  </ItemGroup>
  <ItemGroup>
    <ClInclude Include="GeneratedFiles\ui_myclass.h">
      <Filter>Generated Files</Filter>
    </ClInclude>
    <ClInclude Include="GeneratedFiles\ui_ToolWidget.h">
      <Filter>Generated Files</Filter>
    </ClInclude>
    <ClInclude Include="UiBase.h">
      <Filter>UIBase</Filter>
    </ClInclude>
    <ClInclude Include="TitleBar.h">
      <Filter>Header Files</Filter>
    </ClInclude>
    <ClInclude Include="GeneratedFiles\ui_MainFrame.h">
      <Filter>Generated Files</Filter>
    </ClInclude>
    <ClInclude Include="GeneratedFiles\ui_TrajectoryFrame.h">
      <Filter>Generated Files</Filter>
    </ClInclude>
    <ClInclude Include="GeneratedFiles\ui_SatelliteFrame.h">
      <Filter>Generated Files</Filter>
    </ClInclude>
    <ClInclude Include="GeneratedFiles\ui_SimCtrlFrame.h">
      <Filter>Generated Files</Filter>
    </ClInclude>
    <ClInclude Include="PathBindFrame.h">
      <Filter>Header Files</Filter>
    </ClInclude>
    <ClInclude Include="GeneratedFiles\ui_ActionBindFrame.h">
      <Filter>Generated Files</Filter>
    </ClInclude>
    <ClInclude Include="resource.h">
      <Filter>Header Files</Filter>
    </ClInclude>
    <ClInclude Include="GeneratedFiles\ui_AttributeBindFrame.h">
      <Filter>Generated Files</Filter>
    </ClInclude>
    <ClInclude Include="PropertyBrowser\qtbuttonpropertybrowser.h">
      <Filter>PropertyBrowser</Filter>
    </ClInclude>
    <ClInclude Include="PropertyBrowser\qtgroupboxpropertybrowser.h">
      <Filter>PropertyBrowser</Filter>
    </ClInclude>
    <ClInclude Include="PropertyBrowser\qtpropertybrowser.h">
      <Filter>PropertyBrowser</Filter>
    </ClInclude>
    <ClInclude Include="PropertyBrowser\qttreepropertybrowser.h">
      <Filter>PropertyBrowser</Filter>
    </ClInclude>
    <ClInclude Include="PropertyBrowser\qtvariantproperty.h">
      <Filter>PropertyBrowser</Filter>
    </ClInclude>
    <ClInclude Include="PropertyBrowser\QtFactoryPrivate.h">
      <Filter>PropertyBrowser</Filter>
    </ClInclude>
    <ClInclude Include="GeneratedFiles\ui_HeightSet.h">
      <Filter>Generated Files</Filter>
    </ClInclude>
  </ItemGroup>
  <ItemGroup>
    <None Include="PathBindFrame.ui">
      <Filter>Form Files</Filter>
    </None>
    <None Include="ExeStart.ico" />
  </ItemGroup>
  <ItemGroup>
    <ResourceCompile Include="MainFrame4.8.rc" />
    <ResourceCompile Include="ExeIcon.rc" />
  </ItemGroup>
</Project>