<?xml version="1.0" encoding="utf-8"?>
<Project ToolsVersion="4.0" xmlns="http://schemas.microsoft.com/developer/msbuild/2003">
  <ItemGroup>
    <Filter Include="源文件">
      <UniqueIdentifier>{4FC737F1-C7A5-4376-A066-2A32D752A2FF}</UniqueIdentifier>
      <Extensions>cpp;c;cc;cxx;def;odl;idl;hpj;bat;asm;asmx</Extensions>
    </Filter>
    <Filter Include="头文件">
      <UniqueIdentifier>{93995380-89BD-4b04-88EB-625FBE52EBFB}</UniqueIdentifier>
      <Extensions>h;hpp;hxx;hm;inl;inc;xsd</Extensions>
    </Filter>
    <Filter Include="资源文件">
      <UniqueIdentifier>{67DA6AB6-F800-4c08-8B7A-83BB121AAD01}</UniqueIdentifier>
      <Extensions>rc;ico;cur;bmp;dlg;rc2;rct;bin;rgs;gif;jpg;jpeg;jpe;resx;tiff;tif;png;wav;mfcribbon-ms</Extensions>
    </Filter>
    <Filter Include="Public">
      <UniqueIdentifier>{a0ad3f43-fd69-4697-920b-ddef921c3bf7}</UniqueIdentifier>
    </Filter>
  </ItemGroup>
  <ItemGroup>
    <ClInclude Include="PlotSystemPlugin.h">
      <Filter>头文件</Filter>
    </ClInclude>
    <ClInclude Include="PlotSystem.h">
      <Filter>头文件</Filter>
    </ClInclude>
    <ClInclude Include="..\..\Public\PlotSystem\PlotSystem.h">
      <Filter>Public</Filter>
    </ClInclude>
    <ClInclude Include="BaseContrl.h">
      <Filter>头文件</Filter>
    </ClInclude>
    <ClInclude Include="..\..\Public\PlotSystem\IPlotManager.h">
      <Filter>Public</Filter>
    </ClInclude>
    <ClInclude Include="..\..\Public\PlotSystem\IPlot.h">
      <Filter>Public</Filter>
    </ClInclude>
    <ClInclude Include="..\..\Public\PlotSystem\IPlotContrlHandle.h">
      <Filter>Public</Filter>
    </ClInclude>
    <ClInclude Include="PlotContrlHandle.h">
      <Filter>头文件</Filter>
    </ClInclude>
    <ClInclude Include="Plot.h">
      <Filter>头文件</Filter>
    </ClInclude>
    <ClInclude Include="FeatureGeomtry.h">
      <Filter>头文件</Filter>
    </ClInclude>
    <ClInclude Include="FeatureGeomtryFactory.h">
      <Filter>头文件</Filter>
    </ClInclude>
    <ClInclude Include="PlotStrategy.h">
      <Filter>头文件</Filter>
    </ClInclude>
    <ClInclude Include="ArrowLine.h">
      <Filter>头文件</Filter>
    </ClInclude>
    <ClInclude Include="PlotLine.h">
      <Filter>头文件</Filter>
    </ClInclude>
    <ClInclude Include="..\..\Public\PlotSystem\PlotImp.h">
      <Filter>Public</Filter>
    </ClInclude>
    <ClInclude Include="PlotPlaceGeomtry.h">
      <Filter>头文件</Filter>
    </ClInclude>
    <ClInclude Include="..\..\Public\PlotSystem\IPlaceFeatureGeomtry.h">
      <Filter>Public</Filter>
    </ClInclude>
  </ItemGroup>
  <ItemGroup>
    <ClCompile Include="PlotSystemPlugin.cpp">
      <Filter>源文件</Filter>
    </ClCompile>
    <ClCompile Include="PlotSystem.cpp">
      <Filter>源文件</Filter>
    </ClCompile>
    <ClCompile Include="BaseContrl.cpp">
      <Filter>源文件</Filter>
    </ClCompile>
    <ClCompile Include="PlotContrlHandle.cpp">
      <Filter>源文件</Filter>
    </ClCompile>
    <ClCompile Include="Plot.cpp">
      <Filter>源文件</Filter>
    </ClCompile>
    <ClCompile Include="FeatureGeomtry.cpp">
      <Filter>源文件</Filter>
    </ClCompile>
    <ClCompile Include="FeatureGeomtryFactory.cpp">
      <Filter>源文件</Filter>
    </ClCompile>
    <ClCompile Include="PlotStrategy.cpp">
      <Filter>源文件</Filter>
    </ClCompile>
    <ClCompile Include="ArrowLine.cpp">
      <Filter>源文件</Filter>
    </ClCompile>
    <ClCompile Include="PlotLine.cpp">
      <Filter>源文件</Filter>
    </ClCompile>
    <ClCompile Include="PlotPlaceGeomtry.cpp">
      <Filter>源文件</Filter>
    </ClCompile>
  </ItemGroup>
</Project>