<?xml version="1.0" encoding="utf-8"?>
<Project ToolsVersion="4.0" xmlns="http://schemas.microsoft.com/developer/msbuild/2003">
  <ItemGroup>
    <Filter Include="源文件">
      <UniqueIdentifier>{4FC737F1-C7A5-4376-A066-2A32D752A2FF}</UniqueIdentifier>
      <Extensions>cpp;c;cc;cxx;def;odl;idl;hpj;bat;asm;asmx</Extensions>
    </Filter>
    <Filter Include="头文件">
      <UniqueIdentifier>{93995380-89BD-4b04-88EB-625FBE52EBFB}</UniqueIdentifier>
      <Extensions>h;hpp;hxx;hm;inl;inc;xsd</Extensions>
    </Filter>
    <Filter Include="资源文件">
      <UniqueIdentifier>{67DA6AB6-F800-4c08-8B7A-83BB121AAD01}</UniqueIdentifier>
      <Extensions>rc;ico;cur;bmp;dlg;rc2;rct;bin;rgs;gif;jpg;jpeg;jpe;resx;tiff;tif;png;wav;mfcribbon-ms</Extensions>
    </Filter>
    <Filter Include="Public">
      <UniqueIdentifier>{5daebfd4-6b9e-44d2-b1f5-4ee1128cbe29}</UniqueIdentifier>
    </Filter>
  </ItemGroup>
  <ItemGroup>
    <ClCompile Include="AttributeItem.cpp">
      <Filter>源文件</Filter>
    </ClCompile>
    <ClCompile Include="AttributeManager.cpp">
      <Filter>源文件</Filter>
    </ClCompile>
    <ClCompile Include="AttributeUIFactory.cpp">
      <Filter>源文件</Filter>
    </ClCompile>
    <ClCompile Include="EntityFactoryManager.cpp">
      <Filter>源文件</Filter>
    </ClCompile>
    <ClCompile Include="EntityManager.cpp">
      <Filter>源文件</Filter>
    </ClCompile>
    <ClCompile Include="EntitySystem.cpp">
      <Filter>源文件</Filter>
    </ClCompile>
    <ClCompile Include="EntitySystemPlugin.cpp">
      <Filter>源文件</Filter>
    </ClCompile>
    <ClCompile Include="StateMachine.cpp">
      <Filter>源文件</Filter>
    </ClCompile>
    <ClCompile Include="CandidatasManager.cpp">
      <Filter>源文件</Filter>
    </ClCompile>
    <ClCompile Include="StrategyManager.cpp">
      <Filter>源文件</Filter>
    </ClCompile>
    <ClCompile Include="GlobalState.cpp">
      <Filter>源文件</Filter>
    </ClCompile>
    <ClCompile Include="EntityID.cpp">
      <Filter>源文件</Filter>
    </ClCompile>
    <ClCompile Include="MeshManager.cpp">
      <Filter>源文件</Filter>
    </ClCompile>
    <ClCompile Include="MeshModel.cpp">
      <Filter>源文件</Filter>
    </ClCompile>
  </ItemGroup>
  <ItemGroup>
    <ClInclude Include="AttributeItem.h">
      <Filter>头文件</Filter>
    </ClInclude>
    <ClInclude Include="AttributeManager.h">
      <Filter>头文件</Filter>
    </ClInclude>
    <ClInclude Include="AttributeUIFactory.h">
      <Filter>头文件</Filter>
    </ClInclude>
    <ClInclude Include="EntityFactoryManager.h">
      <Filter>头文件</Filter>
    </ClInclude>
    <ClInclude Include="EntityManager.h">
      <Filter>头文件</Filter>
    </ClInclude>
    <ClInclude Include="EntitySystem.h">
      <Filter>头文件</Filter>
    </ClInclude>
    <ClInclude Include="EntitySystemPlugin.h">
      <Filter>头文件</Filter>
    </ClInclude>
    <ClInclude Include="..\..\Public\EntitySystem\IState.h">
      <Filter>Public</Filter>
    </ClInclude>
    <ClInclude Include="..\..\Public\EntitySystem\IStateMachine.h">
      <Filter>Public</Filter>
    </ClInclude>
    <ClInclude Include="StateMachine.h">
      <Filter>头文件</Filter>
    </ClInclude>
    <ClInclude Include="CandidatasManager.h">
      <Filter>头文件</Filter>
    </ClInclude>
    <ClInclude Include="..\..\Public\EntitySystem\IEntityRenderBase.h">
      <Filter>Public</Filter>
    </ClInclude>
    <ClInclude Include="..\..\Public\EntitySystem\EntityBaseImp.h">
      <Filter>Public</Filter>
    </ClInclude>
    <ClInclude Include="..\..\Public\EntitySystem\IEntityBase.h">
      <Filter>Public</Filter>
    </ClInclude>
    <ClInclude Include="..\..\Public\EntitySystem\EntityBaseFactoryImp.h">
      <Filter>Public</Filter>
    </ClInclude>
    <ClInclude Include="StrategyManager.h">
      <Filter>头文件</Filter>
    </ClInclude>
    <ClInclude Include="..\..\Public\EntitySystem\IStrategy.h">
      <Filter>Public</Filter>
    </ClInclude>
    <ClInclude Include="..\..\Public\EntitySystem\IStrategyManager.h">
      <Filter>Public</Filter>
    </ClInclude>
    <ClInclude Include="GlobalState.h">
      <Filter>头文件</Filter>
    </ClInclude>
    <ClInclude Include="..\..\Public\EntitySystem\AttributeImp.h">
      <Filter>Public</Filter>
    </ClInclude>
    <ClInclude Include="..\..\Public\EntitySystem\AttributeItemImp.h">
      <Filter>Public</Filter>
    </ClInclude>
    <ClInclude Include="..\..\Public\EntitySystem\AttributeItemUIImp.h">
      <Filter>Public</Filter>
    </ClInclude>
    <ClInclude Include="..\..\Public\EntitySystem\EntitySystem.h">
      <Filter>Public</Filter>
    </ClInclude>
    <ClInclude Include="..\..\Public\EntitySystem\IAttribute.h">
      <Filter>Public</Filter>
    </ClInclude>
    <ClInclude Include="..\..\Public\EntitySystem\IAttributeItem.h">
      <Filter>Public</Filter>
    </ClInclude>
    <ClInclude Include="..\..\Public\EntitySystem\IAttributeItemUI.h">
      <Filter>Public</Filter>
    </ClInclude>
    <ClInclude Include="..\..\Public\EntitySystem\IAttributeManager.h">
      <Filter>Public</Filter>
    </ClInclude>
    <ClInclude Include="..\..\Public\EntitySystem\IAttributeUI.h">
      <Filter>Public</Filter>
    </ClInclude>
    <ClInclude Include="..\..\Public\EntitySystem\IAttributeUIFactory.h">
      <Filter>Public</Filter>
    </ClInclude>
    <ClInclude Include="..\..\Public\EntitySystem\IEntityBaseFactory.h">
      <Filter>Public</Filter>
    </ClInclude>
    <ClInclude Include="..\..\Public\EntitySystem\IEntityComponent.h">
      <Filter>Public</Filter>
    </ClInclude>
    <ClInclude Include="..\..\Public\EntitySystem\IEntityComposite.h">
      <Filter>Public</Filter>
    </ClInclude>
    <ClInclude Include="..\..\Public\EntitySystem\IEntityFactoryManager.h">
      <Filter>Public</Filter>
    </ClInclude>
    <ClInclude Include="..\..\Public\EntitySystem\IEntityManager.h">
      <Filter>Public</Filter>
    </ClInclude>
    <ClInclude Include="..\..\Public\EntitySystem\StateMachineImp.h">
      <Filter>Public</Filter>
    </ClInclude>
    <ClInclude Include="..\..\Public\EntitySystem\IEntityID.h">
      <Filter>Public</Filter>
    </ClInclude>
    <ClInclude Include="EntityID.h">
      <Filter>头文件</Filter>
    </ClInclude>
    <ClInclude Include="MeshManager.h">
      <Filter>头文件</Filter>
    </ClInclude>
    <ClInclude Include="MeshModel.h">
      <Filter>头文件</Filter>
    </ClInclude>
  </ItemGroup>
</Project>