<?xml version="1.0" encoding="utf-8"?>
<Project ToolsVersion="4.0" xmlns="http://schemas.microsoft.com/developer/msbuild/2003">
  <ItemGroup>
    <Filter Include="Source Files">
      <UniqueIdentifier>{4FC737F1-C7A5-4376-A066-2A32D752A2FF}</UniqueIdentifier>
      <Extensions>cpp;cxx;c;def</Extensions>
    </Filter>
    <Filter Include="Header Files">
      <UniqueIdentifier>{93995380-89BD-4b04-88EB-625FBE52EBFB}</UniqueIdentifier>
      <Extensions>h</Extensions>
    </Filter>
    <Filter Include="Form Files">
      <UniqueIdentifier>{99349809-55BA-4b9d-BF79-8FDBB0286EB3}</UniqueIdentifier>
      <Extensions>ui</Extensions>
    </Filter>
    <Filter Include="Resource Files">
      <UniqueIdentifier>{D9D6E242-F8AF-46E4-B9FD-80ECBC20BA3E}</UniqueIdentifier>
      <Extensions>qrc;*</Extensions>
      <ParseFiles>false</ParseFiles>
    </Filter>
    <Filter Include="Generated Files">
      <UniqueIdentifier>{71ED8ED8-ACB9-4CE9-BBE1-E00B30144E11}</UniqueIdentifier>
      <Extensions>moc;h;cpp</Extensions>
      <SourceControlFiles>False</SourceControlFiles>
    </Filter>
    <Filter Include="Generated Files\Debug">
      <UniqueIdentifier>{69fa8aa1-b93b-41c5-a66e-6baf39cb1c87}</UniqueIdentifier>
      <Extensions>cpp;moc</Extensions>
      <SourceControlFiles>False</SourceControlFiles>
    </Filter>
    <Filter Include="Generated Files\Release">
      <UniqueIdentifier>{9e9957d7-65b5-47f5-b4be-6b3bea80e2ea}</UniqueIdentifier>
      <Extensions>cpp;moc</Extensions>
      <SourceControlFiles>False</SourceControlFiles>
    </Filter>
    <Filter Include="AttributeUI">
      <UniqueIdentifier>{32116041-b2a2-4385-8481-9db0a23c05b9}</UniqueIdentifier>
    </Filter>
  </ItemGroup>
  <ItemGroup>
    <ClCompile Include="GeneratedFiles\qrc_MainFrame.cpp">
      <Filter>Generated Files</Filter>
    </ClCompile>
    <ClCompile Include="GeneratedFiles\Debug\moc_AttributeUI.cpp">
      <Filter>Generated Files\Debug</Filter>
    </ClCompile>
    <ClCompile Include="GeneratedFiles\Release\moc_AttributeUI.cpp">
      <Filter>Generated Files\Release</Filter>
    </ClCompile>
    <ClCompile Include="GeneratedFiles\Debug\moc_EidteUI.cpp">
      <Filter>Generated Files\Debug</Filter>
    </ClCompile>
    <ClCompile Include="GeneratedFiles\Release\moc_EidteUI.cpp">
      <Filter>Generated Files\Release</Filter>
    </ClCompile>
    <ClCompile Include="GeneratedFiles\Debug\moc_EntityManagerTreeWidgt.cpp">
      <Filter>Generated Files\Debug</Filter>
    </ClCompile>
    <ClCompile Include="GeneratedFiles\Release\moc_EntityManagerTreeWidgt.cpp">
      <Filter>Generated Files\Release</Filter>
    </ClCompile>
    <ClCompile Include="GeneratedFiles\Debug\moc_EntityManagerUI.cpp">
      <Filter>Generated Files\Debug</Filter>
    </ClCompile>
    <ClCompile Include="GeneratedFiles\Release\moc_EntityManagerUI.cpp">
      <Filter>Generated Files\Release</Filter>
    </ClCompile>
    <ClCompile Include="GeneratedFiles\Debug\moc_EntityTypeUI.cpp">
      <Filter>Generated Files\Debug</Filter>
    </ClCompile>
    <ClCompile Include="GeneratedFiles\Release\moc_EntityTypeUI.cpp">
      <Filter>Generated Files\Release</Filter>
    </ClCompile>
    <ClCompile Include="main.cpp">
      <Filter>Source Files</Filter>
    </ClCompile>
    <ClCompile Include="MainFrame.cpp">
      <Filter>Source Files</Filter>
    </ClCompile>
    <ClCompile Include="GeneratedFiles\Debug\moc_MainFrame.cpp">
      <Filter>Generated Files\Debug</Filter>
    </ClCompile>
    <ClCompile Include="GeneratedFiles\Release\moc_MainFrame.cpp">
      <Filter>Generated Files\Release</Filter>
    </ClCompile>
    <ClCompile Include="GeneratedFiles\Debug\moc_PluginManagerUI.cpp">
      <Filter>Generated Files\Debug</Filter>
    </ClCompile>
    <ClCompile Include="GeneratedFiles\Release\moc_PluginManagerUI.cpp">
      <Filter>Generated Files\Release</Filter>
    </ClCompile>
    <ClCompile Include="AttributeUI.cpp">
      <Filter>AttributeUI</Filter>
    </ClCompile>
    <ClCompile Include="ComboxUI.cpp">
      <Filter>AttributeUI</Filter>
    </ClCompile>
    <ClCompile Include="EidteUI.cpp">
      <Filter>AttributeUI</Filter>
    </ClCompile>
    <ClCompile Include="EntityManagerTreeWidgt.cpp">
      <Filter>AttributeUI</Filter>
    </ClCompile>
    <ClCompile Include="EntityManagerUI.cpp">
      <Filter>AttributeUI</Filter>
    </ClCompile>
    <ClCompile Include="EntityTypeUI.cpp">
      <Filter>AttributeUI</Filter>
    </ClCompile>
    <ClCompile Include="PluginManagerUI.cpp">
      <Filter>AttributeUI</Filter>
    </ClCompile>
    <ClCompile Include="TreeUI.cpp">
      <Filter>AttributeUI</Filter>
    </ClCompile>
    <ClCompile Include="ViewerUI.cpp">
      <Filter>AttributeUI</Filter>
    </ClCompile>
    <ClCompile Include="GeneratedFiles\Debug\moc_TreeUI.cpp">
      <Filter>Generated Files\Debug</Filter>
    </ClCompile>
    <ClCompile Include="GeneratedFiles\Release\moc_TreeUI.cpp">
      <Filter>Generated Files\Release</Filter>
    </ClCompile>
    <ClCompile Include="GeneratedFiles\Debug\moc_ComboxUI.cpp">
      <Filter>Generated Files\Debug</Filter>
    </ClCompile>
    <ClCompile Include="GeneratedFiles\Release\moc_ComboxUI.cpp">
      <Filter>Generated Files\Release</Filter>
    </ClCompile>
    <ClCompile Include="TimerCtrlUI.cpp">
      <Filter>Source Files</Filter>
    </ClCompile>
    <ClCompile Include="GeneratedFiles\Debug\moc_TimerCtrlUI.cpp">
      <Filter>Generated Files\Debug</Filter>
    </ClCompile>
    <ClCompile Include="GeneratedFiles\Release\moc_TimerCtrlUI.cpp">
      <Filter>Generated Files\Release</Filter>
    </ClCompile>
    <ClCompile Include="GeneratedFiles\Debug\moc_ViewerUI.cpp">
      <Filter>Generated Files\Debug</Filter>
    </ClCompile>
    <ClCompile Include="GeneratedFiles\Release\moc_ViewerUI.cpp">
      <Filter>Generated Files\Release</Filter>
    </ClCompile>
  </ItemGroup>
  <ItemGroup>
    <CustomBuild Include="MainFrame.ui">
      <Filter>Form Files</Filter>
    </CustomBuild>
    <CustomBuild Include="MainFrame.qrc">
      <Filter>Resource Files</Filter>
    </CustomBuild>
    <CustomBuild Include="MainFrame.h">
      <Filter>Header Files</Filter>
    </CustomBuild>
    <CustomBuild Include="AttributeUI.h">
      <Filter>AttributeUI</Filter>
    </CustomBuild>
    <CustomBuild Include="EidteUI.h">
      <Filter>AttributeUI</Filter>
    </CustomBuild>
    <CustomBuild Include="EntityManagerTreeWidgt.h">
      <Filter>AttributeUI</Filter>
    </CustomBuild>
    <CustomBuild Include="EntityManagerUI.h">
      <Filter>AttributeUI</Filter>
    </CustomBuild>
    <CustomBuild Include="EntityTypeUI.h">
      <Filter>AttributeUI</Filter>
    </CustomBuild>
    <CustomBuild Include="PluginManagerUI.h">
      <Filter>AttributeUI</Filter>
    </CustomBuild>
    <CustomBuild Include="TreeUI.h">
      <Filter>AttributeUI</Filter>
    </CustomBuild>
    <CustomBuild Include="ComboxUI.h">
      <Filter>AttributeUI</Filter>
    </CustomBuild>
    <CustomBuild Include="TimerCtrlUI.ui">
      <Filter>Form Files</Filter>
    </CustomBuild>
    <CustomBuild Include="TimerCtrlUI.h">
      <Filter>Header Files</Filter>
    </CustomBuild>
    <CustomBuild Include="ViewerUI.h">
      <Filter>AttributeUI</Filter>
    </CustomBuild>
  </ItemGroup>
  <ItemGroup>
    <ClInclude Include="GeneratedFiles\ui_MainFrame.h">
      <Filter>Generated Files</Filter>
    </ClInclude>
    <ClInclude Include="resource.h">
      <Filter>Header Files</Filter>
    </ClInclude>
    <ClInclude Include="GeneratedFiles\ui_TimerCtrlUI.h">
      <Filter>Generated Files</Filter>
    </ClInclude>
  </ItemGroup>
  <ItemGroup>
    <ResourceCompile Include="MainFrame.rc" />
  </ItemGroup>
</Project>